{
    "name": "zwzpack",
    "version": "0.1.0",
    "lockfileVersion": 1,
    "requires": true,
    "dependencies": {
        "@babel/code-frame": {
            "version": "7.10.4",
            "resolved": "https://registry.npm.taobao.org/@babel/code-frame/download/@babel/code-frame-7.10.4.tgz?cache=0&sync_timestamp=1593522948158&other_urls=https%3A%2F%2Fregistry.npm.taobao.org%2F%40babel%2Fcode-frame%2Fdownload%2F%40babel%2Fcode-frame-7.10.4.tgz",
            "integrity": "sha1-Fo2ho26Q2miujUnA8bSMfGJJITo=",
            "requires": {
                "@babel/highlight": "^7.10.4"
            }
        },
        "@babel/generator": {
            "version": "7.10.5",
            "resolved": "https://registry.npm.taobao.org/@babel/generator/download/@babel/generator-7.10.5.tgz?cache=0&other_urls=https%3A%2F%2Fregistry.npm.taobao.org%2F%40babel%2Fgenerator%2Fdownload%2F%40babel%2Fgenerator-7.10.5.tgz",
            "integrity": "sha1-G5A1VLyMWD7o0l8eiWlzLmuCmmk=",
            "requires": {
                "@babel/types": "^7.10.5",
                "jsesc": "^2.5.1",
                "source-map": "^0.5.0"
            }
        },
        "@babel/helper-function-name": {
            "version": "7.10.4",
            "resolved": "https://registry.npm.taobao.org/@babel/helper-function-name/download/@babel/helper-function-name-7.10.4.tgz?cache=0&sync_timestamp=1593522977138&other_urls=https%3A%2F%2Fregistry.npm.taobao.org%2F%40babel%2Fhelper-function-name%2Fdownload%2F%40babel%2Fhelper-function-name-7.10.4.tgz",
            "integrity": "sha1-0tOyDFmtjEcRL6fSqUvAnV74Lxo=",
            "requires": {
                "@babel/helper-get-function-arity": "^7.10.4",
                "@babel/template": "^7.10.4",
                "@babel/types": "^7.10.4"
            }
        },
        "@babel/helper-get-function-arity": {
            "version": "7.10.4",
            "resolved": "https://registry.npm.taobao.org/@babel/helper-get-function-arity/download/@babel/helper-get-function-arity-7.10.4.tgz?cache=0&sync_timestamp=1593521294451&other_urls=https%3A%2F%2Fregistry.npm.taobao.org%2F%40babel%2Fhelper-get-function-arity%2Fdownload%2F%40babel%2Fhelper-get-function-arity-7.10.4.tgz",
            "integrity": "sha1-mMHL6g4jMvM/mkZhuM4VBbLBm6I=",
            "requires": {
                "@babel/types": "^7.10.4"
            }
        },
        "@babel/helper-split-export-declaration": {
            "version": "7.10.4",
            "resolved": "https://registry.npm.taobao.org/@babel/helper-split-export-declaration/download/@babel/helper-split-export-declaration-7.10.4.tgz?cache=0&sync_timestamp=1593522967620&other_urls=https%3A%2F%2Fregistry.npm.taobao.org%2F%40babel%2Fhelper-split-export-declaration%2Fdownload%2F%40babel%2Fhelper-split-export-declaration-7.10.4.tgz",
            "integrity": "sha1-LHBXbqo7VgmyTLmdsoiMw/xCUdE=",
            "requires": {
                "@babel/types": "^7.10.4"
            }
        },
        "@babel/helper-validator-identifier": {
            "version": "7.10.4",
            "resolved": "https://registry.npm.taobao.org/@babel/helper-validator-identifier/download/@babel/helper-validator-identifier-7.10.4.tgz?cache=0&sync_timestamp=1593521083613&other_urls=https%3A%2F%2Fregistry.npm.taobao.org%2F%40babel%2Fhelper-validator-identifier%2Fdownload%2F%40babel%2Fhelper-validator-identifier-7.10.4.tgz",
            "integrity": "sha1-p4x6clHgH2FlEtMbEK3PUq2l4NI="
        },
        "@babel/highlight": {
            "version": "7.10.4",
            "resolved": "https://registry.npm.taobao.org/@babel/highlight/download/@babel/highlight-7.10.4.tgz?cache=0&sync_timestamp=1593521095576&other_urls=https%3A%2F%2Fregistry.npm.taobao.org%2F%40babel%2Fhighlight%2Fdownload%2F%40babel%2Fhighlight-7.10.4.tgz",
            "integrity": "sha1-fRvf1ldTU4+r5sOFls23bZrGAUM=",
            "requires": {
                "@babel/helper-validator-identifier": "^7.10.4",
                "chalk": "^2.0.0",
                "js-tokens": "^4.0.0"
            }
        },
        "@babel/parser": {
            "version": "7.10.5",
            "resolved": "https://registry.npm.taobao.org/@babel/parser/download/@babel/parser-7.10.5.tgz?cache=0&sync_timestamp=1594750823758&other_urls=https%3A%2F%2Fregistry.npm.taobao.org%2F%40babel%2Fparser%2Fdownload%2F%40babel%2Fparser-7.10.5.tgz",
            "integrity": "sha1-58a/Wn3v+VfOyfBLVR4nYpCdgms="
        },
        "@babel/template": {
            "version": "7.10.4",
            "resolved": "https://registry.npm.taobao.org/@babel/template/download/@babel/template-7.10.4.tgz",
            "integrity": "sha1-MlGZbEIA68cdGo/EBfupQPNrong=",
            "requires": {
                "@babel/code-frame": "^7.10.4",
                "@babel/parser": "^7.10.4",
                "@babel/types": "^7.10.4"
            }
        },
        "@babel/traverse": {
            "version": "7.10.5",
            "resolved": "https://registry.npm.taobao.org/@babel/traverse/download/@babel/traverse-7.10.5.tgz?cache=0&other_urls=https%3A%2F%2Fregistry.npm.taobao.org%2F%40babel%2Ftraverse%2Fdownload%2F%40babel%2Ftraverse-7.10.5.tgz",
            "integrity": "sha1-d85GT1sli+Jlr2GNj93wU28gtWQ=",
            "requires": {
                "@babel/code-frame": "^7.10.4",
                "@babel/generator": "^7.10.5",
                "@babel/helper-function-name": "^7.10.4",
                "@babel/helper-split-export-declaration": "^7.10.4",
                "@babel/parser": "^7.10.5",
                "@babel/types": "^7.10.5",
                "debug": "^4.1.0",
                "globals": "^11.1.0",
                "lodash": "^4.17.19"
            }
        },
        "@babel/types": {
            "version": "7.10.5",
            "resolved": "https://registry.npm.taobao.org/@babel/types/download/@babel/types-7.10.5.tgz?cache=0&other_urls=https%3A%2F%2Fregistry.npm.taobao.org%2F%40babel%2Ftypes%2Fdownload%2F%40babel%2Ftypes-7.10.5.tgz",
            "integrity": "sha1-2Irn4v3oa/v+hR1Nga+nCpl7XRU=",
            "requires": {
                "@babel/helper-validator-identifier": "^7.10.4",
                "lodash": "^4.17.19",
                "to-fast-properties": "^2.0.0"
            }
        },
        "@types/json-schema": {
            "version": "7.0.5",
            "resolved": "https://registry.npm.taobao.org/@types/json-schema/download/@types/json-schema-7.0.5.tgz",
            "integrity": "sha1-3M5EMOZLRDuolF8CkPtWStW6xt0="
        },
        "ajv": {
            "version": "6.12.3",
            "resolved": "https://registry.npm.taobao.org/ajv/download/ajv-6.12.3.tgz?cache=0&sync_timestamp=1593876933357&other_urls=https%3A%2F%2Fregistry.npm.taobao.org%2Fajv%2Fdownload%2Fajv-6.12.3.tgz",
            "integrity": "sha1-GMWvOKER3etPJpe9eNaKvByr1wY=",
            "requires": {
                "fast-deep-equal": "^3.1.1",
                "fast-json-stable-stringify": "^2.0.0",
                "json-schema-traverse": "^0.4.1",
                "uri-js": "^4.2.2"
            }
        },
        "ajv-keywords": {
            "version": "3.5.1",
            "resolved": "https://registry.npm.taobao.org/ajv-keywords/download/ajv-keywords-3.5.1.tgz?cache=0&sync_timestamp=1594153583457&other_urls=https%3A%2F%2Fregistry.npm.taobao.org%2Fajv-keywords%2Fdownload%2Fajv-keywords-3.5.1.tgz",
            "integrity": "sha1-uDyonF1C1pAx9CTK1JqtoCNsaVc="
        },
        "ansi-styles": {
            "version": "3.2.1",
            "resolved": "https://registry.npm.taobao.org/ansi-styles/download/ansi-styles-3.2.1.tgz",
            "integrity": "sha1-QfuyAkPlCxK+DwS43tvwdSDOhB0=",
            "requires": {
                "color-convert": "^1.9.0"
            }
        },
        "async": {
            "version": "0.9.2",
            "resolved": "https://registry.npm.taobao.org/async/download/async-0.9.2.tgz?cache=0&sync_timestamp=1582540512270&other_urls=https%3A%2F%2Fregistry.npm.taobao.org%2Fasync%2Fdownload%2Fasync-0.9.2.tgz",
            "integrity": "sha1-rqdNXmHB+JlhO/ZL2mbUx48v0X0="
        },
        "babylon": {
            "version": "6.18.0",
            "resolved": "https://registry.npm.taobao.org/babylon/download/babylon-6.18.0.tgz",
            "integrity": "sha1-ry87iPpvXB5MY00aD46sT1WzleM="
        },
        "balanced-match": {
            "version": "1.0.0",
            "resolved": "https://registry.npm.taobao.org/balanced-match/download/balanced-match-1.0.0.tgz",
            "integrity": "sha1-ibTRmasr7kneFk6gK4nORi1xt2c="
        },
        "big.js": {
            "version": "5.2.2",
            "resolved": "https://registry.npm.taobao.org/big.js/download/big.js-5.2.2.tgz",
            "integrity": "sha1-ZfCvOC9Xi83HQr2cKB6cstd2gyg="
        },
        "brace-expansion": {
            "version": "1.1.11",
            "resolved": "https://registry.npm.taobao.org/brace-expansion/download/brace-expansion-1.1.11.tgz",
            "integrity": "sha1-PH/L9SnYcibz0vUrlm/1Jx60Qd0=",
            "requires": {
                "balanced-match": "^1.0.0",
                "concat-map": "0.0.1"
            }
        },
        "chalk": {
            "version": "2.4.2",
            "resolved": "https://registry.npm.taobao.org/chalk/download/chalk-2.4.2.tgz",
            "integrity": "sha1-zUJUFnelQzPPVBpJEIwUMrRMlCQ=",
            "requires": {
                "ansi-styles": "^3.2.1",
                "escape-string-regexp": "^1.0.5",
                "supports-color": "^5.3.0"
            }
        },
        "clone": {
            "version": "2.1.2",
            "resolved": "https://registry.npm.taobao.org/clone/download/clone-2.1.2.tgz",
            "integrity": "sha1-G39Ln1kfHo+DZwQBYANFoCiHQ18="
        },
        "color-convert": {
            "version": "1.9.3",
            "resolved": "https://registry.npm.taobao.org/color-convert/download/color-convert-1.9.3.tgz?cache=0&sync_timestamp=1566248870121&other_urls=https%3A%2F%2Fregistry.npm.taobao.org%2Fcolor-convert%2Fdownload%2Fcolor-convert-1.9.3.tgz",
            "integrity": "sha1-u3GFBpDh8TZWfeYp0tVHHe2kweg=",
            "requires": {
                "color-name": "1.1.3"
            }
        },
        "color-name": {
            "version": "1.1.3",
            "resolved": "https://registry.npm.taobao.org/color-name/download/color-name-1.1.3.tgz",
            "integrity": "sha1-p9BVi9icQveV3UIyj3QIMcpTvCU="
        },
        "concat-map": {
            "version": "0.0.1",
            "resolved": "https://registry.npm.taobao.org/concat-map/download/concat-map-0.0.1.tgz",
            "integrity": "sha1-2Klr13/Wjfd5OnMDajug1UBdR3s="
        },
        "debug": {
            "version": "4.1.1",
            "resolved": "https://registry.npm.taobao.org/debug/download/debug-4.1.1.tgz?cache=0&sync_timestamp=1589891993007&other_urls=https%3A%2F%2Fregistry.npm.taobao.org%2Fdebug%2Fdownload%2Fdebug-4.1.1.tgz",
            "integrity": "sha1-O3ImAlUQnGtYnO4FDx1RYTlmR5E=",
            "requires": {
                "ms": "^2.1.1"
            }
        },
        "ejs": {
            "version": "3.1.3",
            "resolved": "https://registry.npm.taobao.org/ejs/download/ejs-3.1.3.tgz",
            "integrity": "sha1-UU2WeoiUCE0Y09R70WmhwFYPCT0=",
            "requires": {
                "jake": "^10.6.1"
            }
        },
        "emojis-list": {
            "version": "3.0.0",
            "resolved": "https://registry.npm.taobao.org/emojis-list/download/emojis-list-3.0.0.tgz",
            "integrity": "sha1-VXBmIEatKeLpFucariYKvf9Pang="
        },
        "errno": {
            "version": "0.1.7",
            "resolved": "https://registry.npm.taobao.org/errno/download/errno-0.1.7.tgz",
            "integrity": "sha1-RoTXF3mtOa8Xfj8AeZb3xnyFJhg=",
            "optional": true,
            "requires": {
                "prr": "~1.0.1"
            }
        },
        "escape-string-regexp": {
            "version": "1.0.5",
            "resolved": "https://registry.npm.taobao.org/escape-string-regexp/download/escape-string-regexp-1.0.5.tgz",
            "integrity": "sha1-G2HAViGQqN/2rjuyzwIAyhMLhtQ="
        },
        "fast-deep-equal": {
            "version": "3.1.3",
            "resolved": "https://registry.npm.taobao.org/fast-deep-equal/download/fast-deep-equal-3.1.3.tgz",
            "integrity": "sha1-On1WtVnWy8PrUSMlJE5hmmXGxSU="
        },
        "fast-json-stable-stringify": {
            "version": "2.1.0",
            "resolved": "https://registry.npm.taobao.org/fast-json-stable-stringify/download/fast-json-stable-stringify-2.1.0.tgz?cache=0&sync_timestamp=1576340291001&other_urls=https%3A%2F%2Fregistry.npm.taobao.org%2Ffast-json-stable-stringify%2Fdownload%2Ffast-json-stable-stringify-2.1.0.tgz",
            "integrity": "sha1-h0v2nG9ATCtdmcSBNBOZ/VWJJjM="
        },
        "filelist": {
            "version": "1.0.1",
            "resolved": "https://registry.npm.taobao.org/filelist/download/filelist-1.0.1.tgz",
            "integrity": "sha1-8Q0aOuhsFpSAjo8gkG9D1MkTLbs=",
            "requires": {
                "minimatch": "^3.0.4"
            }
        },
        "globals": {
            "version": "11.12.0",
            "resolved": "https://registry.npm.taobao.org/globals/download/globals-11.12.0.tgz?cache=0&sync_timestamp=1591426414289&other_urls=https%3A%2F%2Fregistry.npm.taobao.org%2Fglobals%2Fdownload%2Fglobals-11.12.0.tgz",
            "integrity": "sha1-q4eVM4hooLq9hSV1gBjCp+uVxC4="
        },
        "graceful-fs": {
            "version": "4.2.4",
            "resolved": "https://registry.npm.taobao.org/graceful-fs/download/graceful-fs-4.2.4.tgz?cache=0&sync_timestamp=1589682809142&other_urls=https%3A%2F%2Fregistry.npm.taobao.org%2Fgraceful-fs%2Fdownload%2Fgraceful-fs-4.2.4.tgz",
            "integrity": "sha1-Ila94U02MpWMRl68ltxGfKB6Kfs=",
            "optional": true
        },
        "has-flag": {
            "version": "3.0.0",
            "resolved": "https://registry.npm.taobao.org/has-flag/download/has-flag-3.0.0.tgz",
            "integrity": "sha1-tdRU3CGZriJWmfNGfloH87lVuv0="
        },
        "image-size": {
            "version": "0.5.5",
            "resolved": "https://registry.npm.taobao.org/image-size/download/image-size-0.5.5.tgz",
            "integrity": "sha1-Cd/Uq50g4p6xw+gLiZA3jfnjy5w=",
            "optional": true
        },
        "inherits": {
            "version": "2.0.3",
            "resolved": "https://registry.npm.taobao.org/inherits/download/inherits-2.0.3.tgz?cache=0&sync_timestamp=1560975547815&other_urls=https%3A%2F%2Fregistry.npm.taobao.org%2Finherits%2Fdownload%2Finherits-2.0.3.tgz",
            "integrity": "sha1-Yzwsg+PaQqUC9SRmAiSA9CCCYd4="
        },
        "jake": {
            "version": "10.8.2",
            "resolved": "https://registry.npm.taobao.org/jake/download/jake-10.8.2.tgz",
            "integrity": "sha1-68nehVgWCmbYLQ6txqLlj7xQCns=",
            "requires": {
                "async": "0.9.x",
                "chalk": "^2.4.2",
                "filelist": "^1.0.1",
                "minimatch": "^3.0.4"
            }
        },
        "js-tokens": {
            "version": "4.0.0",
            "resolved": "https://registry.npm.taobao.org/js-tokens/download/js-tokens-4.0.0.tgz",
            "integrity": "sha1-GSA/tZmR35jjoocFDUZHzerzJJk="
        },
        "jsesc": {
            "version": "2.5.2",
            "resolved": "https://registry.npm.taobao.org/jsesc/download/jsesc-2.5.2.tgz",
            "integrity": "sha1-gFZNLkg9rPbo7yCWUKZ98/DCg6Q="
        },
        "json-schema-traverse": {
            "version": "0.4.1",
            "resolved": "https://registry.npm.taobao.org/json-schema-traverse/download/json-schema-traverse-0.4.1.tgz",
            "integrity": "sha1-afaofZUTq4u4/mO9sJecRI5oRmA="
        },
        "json5": {
            "version": "2.1.3",
            "resolved": "https://registry.npm.taobao.org/json5/download/json5-2.1.3.tgz",
            "integrity": "sha1-ybD3+pIzv+WAf+ZvzzpWF+1ZfUM=",
            "requires": {
                "minimist": "^1.2.5"
            }
        },
        "less": {
            "version": "3.12.2",
            "resolved": "https://registry.npm.taobao.org/less/download/less-3.12.2.tgz?cache=0&sync_timestamp=1594915586681&other_urls=https%3A%2F%2Fregistry.npm.taobao.org%2Fless%2Fdownload%2Fless-3.12.2.tgz",
            "integrity": "sha1-FX5t0ypohp34hZMUrTjnAhGvOrQ=",
            "requires": {
                "errno": "^0.1.1",
                "graceful-fs": "^4.1.2",
                "image-size": "~0.5.0",
                "make-dir": "^2.1.0",
                "mime": "^1.4.1",
                "native-request": "^1.0.5",
                "source-map": "~0.6.0",
                "tslib": "^1.10.0"
            },
            "dependencies": {
                "source-map": {
                    "version": "0.6.1",
                    "resolved": "https://registry.npm.taobao.org/source-map/download/source-map-0.6.1.tgz",
                    "integrity": "sha1-dHIq8y6WFOnCh6jQu95IteLxomM=",
                    "optional": true
                }
            }
        },
        "less-loader": {
            "version": "6.2.0",
            "resolved": "https://registry.npm.taobao.org/less-loader/download/less-loader-6.2.0.tgz?cache=0&sync_timestamp=1593787670620&other_urls=https%3A%2F%2Fregistry.npm.taobao.org%2Fless-loader%2Fdownload%2Fless-loader-6.2.0.tgz",
            "integrity": "sha1-iyb2IcFVs0Lu/CT1vW6dxAxCpxk=",
            "requires": {
                "clone": "^2.1.2",
                "less": "^3.11.3",
                "loader-utils": "^2.0.0",
                "schema-utils": "^2.7.0"
            }
        },
        "loader-utils": {
            "version": "2.0.4",
            "resolved": "https://registry.npmmirror.com/loader-utils/-/loader-utils-2.0.4.tgz",
            "integrity": "sha512-xXqpXoINfFhgua9xiqD8fPFHgkoq1mmmpE92WlDbm9rNRd/EbRb+Gqf908T2DMfuHjjJlksiK2RbHVOdD/MqSw==",
            "requires": {
                "big.js": "^5.2.2",
                "emojis-list": "^3.0.0",
                "json5": "^2.1.2"
            }
        },
        "lodash": {
            "version": "4.17.19",
            "resolved": "https://registry.npm.taobao.org/lodash/download/lodash-4.17.19.tgz?cache=0&sync_timestamp=1594226931791&other_urls=https%3A%2F%2Fregistry.npm.taobao.org%2Flodash%2Fdownload%2Flodash-4.17.19.tgz",
            "integrity": "sha1-5I3e2+MLMyF4PFtDAfvTU7weSks="
        },
        "make-dir": {
            "version": "2.1.0",
            "resolved": "https://registry.npm.taobao.org/make-dir/download/make-dir-2.1.0.tgz",
            "integrity": "sha1-XwMQ4YuL6JjMBwCSlaMK5B6R5vU=",
            "optional": true,
            "requires": {
                "pify": "^4.0.1",
                "semver": "^5.6.0"
            }
        },
        "mime": {
            "version": "1.6.0",
            "resolved": "https://registry.npm.taobao.org/mime/download/mime-1.6.0.tgz?cache=0&sync_timestamp=1590635592890&other_urls=https%3A%2F%2Fregistry.npm.taobao.org%2Fmime%2Fdownload%2Fmime-1.6.0.tgz",
            "integrity": "sha1-Ms2eXGRVO9WNGaVor0Uqz/BJgbE=",
            "optional": true
        },
        "minimatch": {
            "version": "3.0.4",
            "resolved": "https://registry.npm.taobao.org/minimatch/download/minimatch-3.0.4.tgz",
            "integrity": "sha1-UWbihkV/AzBgZL5Ul+jbsMPTIIM=",
            "requires": {
                "brace-expansion": "^1.1.7"
            }
        },
        "minimist": {
            "version": "1.2.5",
            "resolved": "https://registry.npm.taobao.org/minimist/download/minimist-1.2.5.tgz?cache=0&sync_timestamp=1589682820731&other_urls=https%3A%2F%2Fregistry.npm.taobao.org%2Fminimist%2Fdownload%2Fminimist-1.2.5.tgz",
            "integrity": "sha1-Z9ZgFLZqaoqqDAg8X9WN9OTpdgI="
        },
        "ms": {
            "version": "2.1.2",
            "resolved": "https://registry.npm.taobao.org/ms/download/ms-2.1.2.tgz",
            "integrity": "sha1-0J0fNXtEP0kzgqjrPM0YOHKuYAk="
        },
        "native-request": {
            "version": "1.0.7",
            "resolved": "https://registry.npm.taobao.org/native-request/download/native-request-1.0.7.tgz?cache=0&sync_timestamp=1595000106410&other_urls=https%3A%2F%2Fregistry.npm.taobao.org%2Fnative-request%2Fdownload%2Fnative-request-1.0.7.tgz",
            "integrity": "sha1-/3QtxVW0yPLxwUtUhjm6F05XOFY=",
            "optional": true
        },
        "path": {
            "version": "0.12.7",
            "resolved": "https://registry.npm.taobao.org/path/download/path-0.12.7.tgz",
            "integrity": "sha1-1NwqUGxM4hl+tIHr/NWzbAFAsQ8=",
            "requires": {
                "process": "^0.11.1",
                "util": "^0.10.3"
            }
        },
        "pify": {
            "version": "4.0.1",
            "resolved": "https://registry.npm.taobao.org/pify/download/pify-4.0.1.tgz",
            "integrity": "sha1-SyzSXFDVmHNcUCkiJP2MbfQeMjE=",
            "optional": true
        },
        "process": {
            "version": "0.11.10",
            "resolved": "https://registry.npm.taobao.org/process/download/process-0.11.10.tgz",
            "integrity": "sha1-czIwDoQBYb2j5podHZGn1LwW8YI="
        },
        "prr": {
            "version": "1.0.1",
            "resolved": "https://registry.npm.taobao.org/prr/download/prr-1.0.1.tgz",
            "integrity": "sha1-0/wRS6BplaRexok/SEzrHXj19HY=",
            "optional": true
        },
        "punycode": {
            "version": "2.1.1",
            "resolved": "https://registry.npm.taobao.org/punycode/download/punycode-2.1.1.tgz",
            "integrity": "sha1-tYsBCsQMIsVldhbI0sLALHv0eew="
        },
        "schema-utils": {
            "version": "2.7.0",
            "resolved": "https://registry.npm.taobao.org/schema-utils/download/schema-utils-2.7.0.tgz?cache=0&sync_timestamp=1590789322916&other_urls=https%3A%2F%2Fregistry.npm.taobao.org%2Fschema-utils%2Fdownload%2Fschema-utils-2.7.0.tgz",
            "integrity": "sha1-FxUfdtjq5n+793lgwzxnatn078c=",
            "requires": {
                "@types/json-schema": "^7.0.4",
                "ajv": "^6.12.2",
                "ajv-keywords": "^3.4.1"
            }
        },
        "semver": {
            "version": "5.7.1",
            "resolved": "https://registry.npm.taobao.org/semver/download/semver-5.7.1.tgz?cache=0&sync_timestamp=1589682805026&other_urls=https%3A%2F%2Fregistry.npm.taobao.org%2Fsemver%2Fdownload%2Fsemver-5.7.1.tgz",
            "integrity": "sha1-qVT5Ma66UI0we78Gnv8MAclhFvc=",
            "optional": true
        },
        "source-map": {
            "version": "0.5.7",
            "resolved": "https://registry.npm.taobao.org/source-map/download/source-map-0.5.7.tgz",
            "integrity": "sha1-igOdLRAh0i0eoUyA2OpGi6LvP8w="
        },
        "supports-color": {
            "version": "5.5.0",
            "resolved": "https://registry.npm.taobao.org/supports-color/download/supports-color-5.5.0.tgz?cache=0&other_urls=https%3A%2F%2Fregistry.npm.taobao.org%2Fsupports-color%2Fdownload%2Fsupports-color-5.5.0.tgz",
            "integrity": "sha1-4uaaRKyHcveKHsCzW2id9lMO/I8=",
            "requires": {
                "has-flag": "^3.0.0"
            }
        },
        "tapable": {
            "version": "1.1.3",
            "resolved": "https://registry.npm.taobao.org/tapable/download/tapable-1.1.3.tgz",
            "integrity": "sha1-ofzMBrWNth/XpF2i2kT186Pme6I="
        },
        "to-fast-properties": {
            "version": "2.0.0",
            "resolved": "https://registry.npm.taobao.org/to-fast-properties/download/to-fast-properties-2.0.0.tgz?cache=0&sync_timestamp=1580550317222&other_urls=https%3A%2F%2Fregistry.npm.taobao.org%2Fto-fast-properties%2Fdownload%2Fto-fast-properties-2.0.0.tgz",
            "integrity": "sha1-3F5pjL0HkmW8c+A3doGk5Og/YW4="
        },
        "tslib": {
            "version": "1.13.0",
            "resolved": "https://registry.npm.taobao.org/tslib/download/tslib-1.13.0.tgz",
            "integrity": "sha1-yIHhPMcBWJTtkUhi0nZDb6mkcEM="
        },
        "uri-js": {
            "version": "4.2.2",
            "resolved": "https://registry.npm.taobao.org/uri-js/download/uri-js-4.2.2.tgz",
            "integrity": "sha1-lMVA4f93KVbiKZUHwBCupsiDjrA=",
            "requires": {
                "punycode": "^2.1.0"
            }
        },
        "util": {
            "version": "0.10.4",
            "resolved": "https://registry.npm.taobao.org/util/download/util-0.10.4.tgz",
            "integrity": "sha1-OqASW/5mikZy3liFfTrOJ+y3aQE=",
            "requires": {
                "inherits": "2.0.3"
            }
        }
    }
}
